
Microsoft Visual Studio Solution File, Format Version 12.00
# Visual Studio 14
VisualStudioVersion = 14.0.25420.1
MinimumVisualStudioVersion = 10.0.40219.1
Project("{FAE04EC0-301F-11D3-BF4B-00C04F79EFBC}") = "Connecting", "Connecting\Connecting.csproj", "{5BD172D5-44DF-4239-8E27-120DBF40EB7D}"
EndProject
Project("{54435603-DBB4-11D2-8724-00A0C9A8B90C}") = "APK Connecting Setup", "APK Connecting Setup\APK Connecting Setup.vdproj", "{B0D3A007-282C-408B-8C9D-135AA554D29C}"
EndProject
Global
	GlobalSection(SolutionConfigurationPlatforms) = preSolution
		Debug|Any CPU = Debug|Any CPU
		Release|Any CPU = Release|Any CPU
	EndGlobalSection
	GlobalSection(ProjectConfigurationPlatforms) = postSolution
		{5BD172D5-44DF-4239-8E27-120DBF40EB7D}.Debug|Any CPU.ActiveCfg = Debug|Any CPU
		{5BD172D5-44DF-4239-8E27-120DBF40EB7D}.Debug|Any CPU.Build.0 = Debug|Any CPU
		{5BD172D5-44DF-4239-8E27-120DBF40EB7D}.Release|Any CPU.ActiveCfg = Release|Any CPU
		{5BD172D5-44DF-4239-8E27-120DBF40EB7D}.Release|Any CPU.Build.0 = Release|Any CPU
		{B0D3A007-282C-408B-8C9D-135AA554D29C}.Debug|Any CPU.ActiveCfg = Debug
		{B0D3A007-282C-408B-8C9D-135AA554D29C}.Release|Any CPU.ActiveCfg = Release
	EndGlobalSection
	GlobalSection(SolutionProperties) = preSolution
		HideSolutionNode = FALSE
	EndGlobalSection
EndGlobal
